
Microsoft Visual Studio Solution File, Format Version 12.00
# Visual Studio Version 17
VisualStudioVersion = 17.10.35027.167
MinimumVisualStudioVersion = 10.0.40219.1
Project("{FAE04EC0-301F-11D3-BF4B-00C04F79EFBC}") = "VoidENV", "VoidENV.csproj", "{1C52FBF7-4901-4527-95E2-20F68C502270}"
EndProject
Global
	GlobalSection(SolutionConfigurationPlatforms) = preSolution
		Debug|Any CPU = Debug|Any CPU
		Release|Any CPU = Release|Any CPU
	EndGlobalSection
	GlobalSection(ProjectConfigurationPlatforms) = postSolution
		{1C52FBF7-4901-4527-95E2-20F68C502270}.Debug|Any CPU.ActiveCfg = Debug|Any CPU
		{1C52FBF7-4901-4527-95E2-20F68C502270}.Debug|Any CPU.Build.0 = Debug|Any CPU
		{1C52FBF7-4901-4527-95E2-20F68C502270}.Release|Any CPU.ActiveCfg = Release|Any CPU
		{1C52FBF7-4901-4527-95E2-20F68C502270}.Release|Any CPU.Build.0 = Release|Any CPU
	EndGlobalSection
	GlobalSection(SolutionProperties) = preSolution
		HideSolutionNode = FALSE
	EndGlobalSection
	GlobalSection(ExtensibilityGlobals) = postSolution
		SolutionGuid = {5968CEB4-3E87-4353-9B53-EE91728F1503}
	EndGlobalSection
EndGlobal
